// !$*UTF8*$!
{
	archiveVersion = 1;
	classes = {
	};
	objectVersion = 56;
	objects = {

/* Begin PBXBuildFile section */
		F3C014772ABF7F12009A0AE3 /* AppDelegate.swift in Sources */ = {isa = PBXBuildFile; fileRef = F3C014762ABF7F12009A0AE3 /* AppDelegate.swift */; };
		F3C014792ABF7F12009A0AE3 /* SceneDelegate.swift in Sources */ = {isa = PBXBuildFile; fileRef = F3C014782ABF7F12009A0AE3 /* SceneDelegate.swift */; };
		F3C0147B2ABF7F12009A0AE3 /* ViewController.swift in Sources */ = {isa = PBXBuildFile; fileRef = F3C0147A2ABF7F12009A0AE3 /* ViewController.swift */; };
		F3C014802ABF7F13009A0AE3 /* Assets.xcassets in Resources */ = {isa = PBXBuildFile; fileRef = F3C0147F2ABF7F13009A0AE3 /* Assets.xcassets */; };
		F3C014832ABF7F13009A0AE3 /* LaunchScreen.storyboard in Resources */ = {isa = PBXBuildFile; fileRef = F3C014812ABF7F13009A0AE3 /* LaunchScreen.storyboard */; };
		F3C0148E2ABF7F13009A0AE3 /* UIKit_PracticeTests.swift in Sources */ = {isa = PBXBuildFile; fileRef = F3C0148D2ABF7F13009A0AE3 /* UIKit_PracticeTests.swift */; };
		F3C014982ABF7F13009A0AE3 /* UIKit_PracticeUITests.swift in Sources */ = {isa = PBXBuildFile; fileRef = F3C014972ABF7F13009A0AE3 /* UIKit_PracticeUITests.swift */; };
		F3C0149A2ABF7F13009A0AE3 /* UIKit_PracticeUITestsLaunchTests.swift in Sources */ = {isa = PBXBuildFile; fileRef = F3C014992ABF7F13009A0AE3 /* UIKit_PracticeUITestsLaunchTests.swift */; };
/* End PBXBuildFile section */

/* Begin PBXContainerItemProxy section */
		F3C0148A2ABF7F13009A0AE3 /* PBXContainerItemProxy */ = {
			isa = PBXContainerItemProxy;
			containerPortal = F3C0146B2ABF7F12009A0AE3 /* Project object */;
			proxyType = 1;
			remoteGlobalIDString = F3C014722ABF7F12009A0AE3;
			remoteInfo = "UIKit-Practice";
		};
		F3C014942ABF7F13009A0AE3 /* PBXContainerItemProxy */ = {
			isa = PBXContainerItemProxy;
			containerPortal = F3C0146B2ABF7F12009A0AE3 /* Project object */;
			proxyType = 1;
			remoteGlobalIDString = F3C014722ABF7F12009A0AE3;
			remoteInfo = "UIKit-Practice";
		};
/* End PBXContainerItemProxy section */

/* Begin PBXFileReference section */
		F3C014732ABF7F12009A0AE3 /* UIKit-Practice.app */ = {isa = PBXFileReference; explicitFileType = wrapper.application; includeInIndex = 0; path = "UIKit-Practice.app"; sourceTree = BUILT_PRODUCTS_DIR; };
		F3C014762ABF7F12009A0AE3 /* AppDelegate.swift */ = {isa = PBXFileReference; lastKnownFileType = sourcecode.swift; path = AppDelegate.swift; sourceTree = "<group>"; };
		F3C014782ABF7F12009A0AE3 /* SceneDelegate.swift */ = {isa = PBXFileReference; lastKnownFileType = sourcecode.swift; path = SceneDelegate.swift; sourceTree = "<group>"; };
		F3C0147A2ABF7F12009A0AE3 /* ViewController.swift */ = {isa = PBXFileReference; lastKnownFileType = sourcecode.swift; path = ViewController.swift; sourceTree = "<group>"; };
		F3C0147F2ABF7F13009A0AE3 /* Assets.xcassets */ = {isa = PBXFileReference; lastKnownFileType = folder.assetcatalog; path = Assets.xcassets; sourceTree = "<group>"; };
		F3C014822ABF7F13009A0AE3 /* Base */ = {isa = PBXFileReference; lastKnownFileType = file.storyboard; name = Base; path = Base.lproj/LaunchScreen.storyboard; sourceTree = "<group>"; };
		F3C014842ABF7F13009A0AE3 /* Info.plist */ = {isa = PBXFileReference; lastKnownFileType = text.plist.xml; path = Info.plist; sourceTree = "<group>"; };
		F3C014892ABF7F13009A0AE3 /* UIKit-PracticeTests.xctest */ = {isa = PBXFileReference; explicitFileType = wrapper.cfbundle; includeInIndex = 0; path = "UIKit-PracticeTests.xctest"; sourceTree = BUILT_PRODUCTS_DIR; };
		F3C0148D2ABF7F13009A0AE3 /* UIKit_PracticeTests.swift */ = {isa = PBXFileReference; lastKnownFileType = sourcecode.swift; path = UIKit_PracticeTests.swift; sourceTree = "<group>"; };
		F3C014932ABF7F13009A0AE3 /* UIKit-PracticeUITests.xctest */ = {isa = PBXFileReference; explicitFileType = wrapper.cfbundle; includeInIndex = 0; path = "UIKit-PracticeUITests.xctest"; sourceTree = BUILT_PRODUCTS_DIR; };
		F3C014972ABF7F13009A0AE3 /* UIKit_PracticeUITests.swift */ = {isa = PBXFileReference; lastKnownFileType = sourcecode.swift; path = UIKit_PracticeUITests.swift; sourceTree = "<group>"; };
		F3C014992ABF7F13009A0AE3 /* UIKit_PracticeUITestsLaunchTests.swift */ = {isa = PBXFileReference; lastKnownFileType = sourcecode.swift; path = UIKit_PracticeUITestsLaunchTests.swift; sourceTree = "<group>"; };
/* End PBXFileReference section */

/* Begin PBXFrameworksBuildPhase section */
		F3C014702ABF7F12009A0AE3 /* Frameworks */ = {
			isa = PBXFrameworksBuildPhase;
			buildActionMask = 2147483647;
			files = (
			);
			runOnlyForDeploymentPostprocessing = 0;
		};
		F3C014862ABF7F13009A0AE3 /* Frameworks */ = {
			isa = PBXFrameworksBuildPhase;
			buildActionMask = 2147483647;
			files = (
			);
			runOnlyForDeploymentPostprocessing = 0;
		};
		F3C014902ABF7F13009A0AE3 /* Frameworks */ = {
			isa = PBXFrameworksBuildPhase;
			buildActionMask = 2147483647;
			files = (
			);
			runOnlyForDeploymentPostprocessing = 0;
		};
/* End PBXFrameworksBuildPhase section */

/* Begin PBXGroup section */
		F3C0146A2ABF7F12009A0AE3 = {
			isa = PBXGroup;
			children = (
				F3C014752ABF7F12009A0AE3 /* UIKit-Practice */,
				F3C0148C2ABF7F13009A0AE3 /* UIKit-PracticeTests */,
				F3C014962ABF7F13009A0AE3 /* UIKit-PracticeUITests */,
				F3C014742ABF7F12009A0AE3 /* Products */,
			);
			sourceTree = "<group>";
		};
		F3C014742ABF7F12009A0AE3 /* Products */ = {
			isa = PBXGroup;
			children = (
				F3C014732ABF7F12009A0AE3 /* UIKit-Practice.app */,
				F3C014892ABF7F13009A0AE3 /* UIKit-PracticeTests.xctest */,
				F3C014932ABF7F13009A0AE3 /* UIKit-PracticeUITests.xctest */,
			);
			name = Products;
			sourceTree = "<group>";
		};
		F3C014752ABF7F12009A0AE3 /* UIKit-Practice */ = {
			isa = PBXGroup;
			children = (
				F3C014762ABF7F12009A0AE3 /* AppDelegate.swift */,
				F3C014782ABF7F12009A0AE3 /* SceneDelegate.swift */,
				F3C0147A2ABF7F12009A0AE3 /* ViewController.swift */,
				F3C0147F2ABF7F13009A0AE3 /* Assets.xcassets */,
				F3C014812ABF7F13009A0AE3 /* LaunchScreen.storyboard */,
				F3C014842ABF7F13009A0AE3 /* Info.plist */,
			);
			path = "UIKit-Practice";
			sourceTree = "<group>";
		};
		F3C0148C2ABF7F13009A0AE3 /* UIKit-PracticeTests */ = {
			isa = PBXGroup;
			children = (
				F3C0148D2ABF7F13009A0AE3 /* UIKit_PracticeTests.swift */,
			);
			path = "UIKit-PracticeTests";
			sourceTree = "<group>";
		};
		F3C014962ABF7F13009A0AE3 /* UIKit-PracticeUITests */ = {
			isa = PBXGroup;
			children = (
				F3C014972ABF7F13009A0AE3 /* UIKit_PracticeUITests.swift */,
				F3C014992ABF7F13009A0AE3 /* UIKit_PracticeUITestsLaunchTests.swift */,
			);
			path = "UIKit-PracticeUITests";
			sourceTree = "<group>";
		};
/* End PBXGroup section */

/* Begin PBXNativeTarget section */
		F3C014722ABF7F12009A0AE3 /* UIKit-Practice */ = {
			isa = PBXNativeTarget;
			buildConfigurationList = F3C0149D2ABF7F13009A0AE3 /* Build configuration list for PBXNativeTarget "UIKit-Practice" */;
			buildPhases = (
				F3C0146F2ABF7F12009A0AE3 /* Sources */,
				F3C014702ABF7F12009A0AE3 /* Frameworks */,
				F3C014712ABF7F12009A0AE3 /* Resources */,
			);
			buildRules = (
			);
			dependencies = (
			);
			name = "UIKit-Practice";
			productName = "UIKit-Practice";
			productReference = F3C014732ABF7F12009A0AE3 /* UIKit-Practice.app */;
			productType = "com.apple.product-type.application";
		};
		F3C014882ABF7F13009A0AE3 /* UIKit-PracticeTests */ = {
			isa = PBXNativeTarget;
			buildConfigurationList = F3C014A02ABF7F13009A0AE3 /* Build configuration list for PBXNativeTarget "UIKit-PracticeTests" */;
			buildPhases = (
				F3C014852ABF7F13009A0AE3 /* Sources */,
				F3C014862ABF7F13009A0AE3 /* Frameworks */,
				F3C014872ABF7F13009A0AE3 /* Resources */,
			);
			buildRules = (
			);
			dependencies = (
				F3C0148B2ABF7F13009A0AE3 /* PBXTargetDependency */,
			);
			name = "UIKit-PracticeTests";
			productName = "UIKit-PracticeTests";
			productReference = F3C014892ABF7F13009A0AE3 /* UIKit-PracticeTests.xctest */;
			productType = "com.apple.product-type.bundle.unit-test";
		};
		F3C014922ABF7F13009A0AE3 /* UIKit-PracticeUITests */ = {
			isa = PBXNativeTarget;
			buildConfigurationList = F3C014A32ABF7F13009A0AE3 /* Build configuration list for PBXNativeTarget "UIKit-PracticeUITests" */;
			buildPhases = (
				F3C0148F2ABF7F13009A0AE3 /* Sources */,
				F3C014902ABF7F13009A0AE3 /* Frameworks */,
				F3C014912ABF7F13009A0AE3 /* Resources */,
			);
			buildRules = (
			);
			dependencies = (
				F3C014952ABF7F13009A0AE3 /* PBXTargetDependency */,
			);
			name = "UIKit-PracticeUITests";
			productName = "UIKit-PracticeUITests";
			productReference = F3C014932ABF7F13009A0AE3 /* UIKit-PracticeUITests.xctest */;
			productType = "com.apple.product-type.bundle.ui-testing";
		};
/* End PBXNativeTarget section */

/* Begin PBXProject section */
		F3C0146B2ABF7F12009A0AE3 /* Project object */ = {
			isa = PBXProject;
			attributes = {
				BuildIndependentTargetsInParallel = 1;
				LastSwiftUpdateCheck = 1430;
				LastUpgradeCheck = 1430;
				TargetAttributes = {
					F3C014722ABF7F12009A0AE3 = {
						CreatedOnToolsVersion = 14.3.1;
					};
					F3C014882ABF7F13009A0AE3 = {
						CreatedOnToolsVersion = 14.3.1;
						TestTargetID = F3C014722ABF7F12009A0AE3;
					};
					F3C014922ABF7F13009A0AE3 = {
						CreatedOnToolsVersion = 14.3.1;
						TestTargetID = F3C014722ABF7F12009A0AE3;
					};
				};
			};
			buildConfigurationList = F3C0146E2ABF7F12009A0AE3 /* Build configuration list for PBXProject "UIKit-Practice" */;
			compatibilityVersion = "Xcode 14.0";
			developmentRegion = en;
			hasScannedForEncodings = 0;
			knownRegions = (
				en,
				Base,
			);
			mainGroup = F3C0146A2ABF7F12009A0AE3;
			productRefGroup = F3C014742ABF7F12009A0AE3 /* Products */;
			projectDirPath = "";
			projectRoot = "";
			targets = (
				F3C014722ABF7F12009A0AE3 /* UIKit-Practice */,
				F3C014882ABF7F13009A0AE3 /* UIKit-PracticeTests */,
				F3C014922ABF7F13009A0AE3 /* UIKit-PracticeUITests */,
			);
		};
/* End PBXProject section */

/* Begin PBXResourcesBuildPhase section */
		F3C014712ABF7F12009A0AE3 /* Resources */ = {
			isa = PBXResourcesBuildPhase;
			buildActionMask = 2147483647;
			files = (
				F3C014832ABF7F13009A0AE3 /* LaunchScreen.storyboard in Resources */,
				F3C014802ABF7F13009A0AE3 /* Assets.xcassets in Resources */,
			);
			runOnlyForDeploymentPostprocessing = 0;
		};
		F3C014872ABF7F13009A0AE3 /* Resources */ = {
			isa = PBXResourcesBuildPhase;
			buildActionMask = 2147483647;
			files = (
			);
			runOnlyForDeploymentPostprocessing = 0;
		};
		F3C014912ABF7F13009A0AE3 /* Resources */ = {
			isa = PBXResourcesBuildPhase;
			buildActionMask = 2147483647;
			files = (
			);
			runOnlyForDeploymentPostprocessing = 0;
		};
/* End PBXResourcesBuildPhase section */

/* Begin PBXSourcesBuildPhase section */
		F3C0146F2ABF7F12009A0AE3 /* Sources */ = {
			isa = PBXSourcesBuildPhase;
			buildActionMask = 2147483647;
			files = (
				F3C0147B2ABF7F12009A0AE3 /* ViewController.swift in Sources */,
				F3C014772ABF7F12009A0AE3 /* AppDelegate.swift in Sources */,
				F3C014792ABF7F12009A0AE3 /* SceneDelegate.swift in Sources */,
			);
			runOnlyForDeploymentPostprocessing = 0;
		};
		F3C014852ABF7F13009A0AE3 /* Sources */ = {
			isa = PBXSourcesBuildPhase;
			buildActionMask = 2147483647;
			files = (
				F3C0148E2ABF7F13009A0AE3 /* UIKit_PracticeTests.swift in Sources */,
			);
			runOnlyForDeploymentPostprocessing = 0;
		};
		F3C0148F2ABF7F13009A0AE3 /* Sources */ = {
			isa = PBXSourcesBuildPhase;
			buildActionMask = 2147483647;
			files = (
				F3C0149A2ABF7F13009A0AE3 /* UIKit_PracticeUITestsLaunchTests.swift in Sources */,
				F3C014982ABF7F13009A0AE3 /* UIKit_PracticeUITests.swift in Sources */,
			);
			runOnlyForDeploymentPostprocessing = 0;
		};
/* End PBXSourcesBuildPhase section */

/* Begin PBXTargetDependency section */
		F3C0148B2ABF7F13009A0AE3 /* PBXTargetDependency */ = {
			isa = PBXTargetDependency;
			target = F3C014722ABF7F12009A0AE3 /* UIKit-Practice */;
			targetProxy = F3C0148A2ABF7F13009A0AE3 /* PBXContainerItemProxy */;
		};
		F3C014952ABF7F13009A0AE3 /* PBXTargetDependency */ = {
			isa = PBXTargetDependency;
			target = F3C014722ABF7F12009A0AE3 /* UIKit-Practice */;
			targetProxy = F3C014942ABF7F13009A0AE3 /* PBXContainerItemProxy */;
		};
/* End PBXTargetDependency section */

/* Begin PBXVariantGroup section */
		F3C014812ABF7F13009A0AE3 /* LaunchScreen.storyboard */ = {
			isa = PBXVariantGroup;
			children = (
				F3C014822ABF7F13009A0AE3 /* Base */,
			);
			name = LaunchScreen.storyboard;
			sourceTree = "<group>";
		};
/* End PBXVariantGroup section */

/* Begin XCBuildConfiguration section */
		F3C0149B2ABF7F13009A0AE3 /* Debug */ = {
			isa = XCBuildConfiguration;
			buildSettings = {
				ALWAYS_SEARCH_USER_PATHS = NO;
				CLANG_ANALYZER_NONNULL = YES;
				CLANG_ANALYZER_NUMBER_OBJECT_CONVERSION = YES_AGGRESSIVE;
				CLANG_CXX_LANGUAGE_STANDARD = "gnu++20";
				CLANG_ENABLE_MODULES = YES;
				CLANG_ENABLE_OBJC_ARC = YES;
				CLANG_ENABLE_OBJC_WEAK = YES;
				CLANG_WARN_BLOCK_CAPTURE_AUTORELEASING = YES;
				CLANG_WARN_BOOL_CONVERSION = YES;
				CLANG_WARN_COMMA = YES;
				CLANG_WARN_CONSTANT_CONVERSION = YES;
				CLANG_WARN_DEPRECATED_OBJC_IMPLEMENTATIONS = YES;
				CLANG_WARN_DIRECT_OBJC_ISA_USAGE = YES_ERROR;
				CLANG_WARN_DOCUMENTATION_COMMENTS = YES;
				CLANG_WARN_EMPTY_BODY = YES;
				CLANG_WARN_ENUM_CONVERSION = YES;
				CLANG_WARN_INFINITE_RECURSION = YES;
				CLANG_WARN_INT_CONVERSION = YES;
				CLANG_WARN_NON_LITERAL_NULL_CONVERSION = YES;
				CLANG_WARN_OBJC_IMPLICIT_RETAIN_SELF = YES;
				CLANG_WARN_OBJC_LITERAL_CONVERSION = YES;
				CLANG_WARN_OBJC_ROOT_CLASS = YES_ERROR;
				CLANG_WARN_QUOTED_INCLUDE_IN_FRAMEWORK_HEADER = YES;
				CLANG_WARN_RANGE_LOOP_ANALYSIS = YES;
				CLANG_WARN_STRICT_PROTOTYPES = YES;
				CLANG_WARN_SUSPICIOUS_MOVE = YES;
				CLANG_WARN_UNGUARDED_AVAILABILITY = YES_AGGRESSIVE;
				CLANG_WARN_UNREACHABLE_CODE = YES;
				CLANG_WARN__DUPLICATE_METHOD_MATCH = YES;
				COPY_PHASE_STRIP = NO;
				DEBUG_INFORMATION_FORMAT = dwarf;
				ENABLE_STRICT_OBJC_MSGSEND = YES;
				ENABLE_TESTABILITY = YES;
				GCC_C_LANGUAGE_STANDARD = gnu11;
				GCC_DYNAMIC_NO_PIC = NO;
				GCC_NO_COMMON_BLOCKS = YES;
				GCC_OPTIMIZATION_LEVEL = 0;
				GCC_PREPROCESSOR_DEFINITIONS = (
					"DEBUG=1",
					"$(inherited)",
				);
				GCC_WARN_64_TO_32_BIT_CONVERSION = YES;
				GCC_WARN_ABOUT_RETURN_TYPE = YES_ERROR;
				GCC_WARN_UNDECLARED_SELECTOR = YES;
				GCC_WARN_UNINITIALIZED_AUTOS = YES_AGGRESSIVE;
				GCC_WARN_UNUSED_FUNCTION = YES;
				GCC_WARN_UNUSED_VARIABLE = YES;
				IPHONEOS_DEPLOYMENT_TARGET = 16.4;
				MTL_ENABLE_DEBUG_INFO = INCLUDE_SOURCE;
				MTL_FAST_MATH = YES;
				ONLY_ACTIVE_ARCH = YES;
				SDKROOT = iphoneos;
				SWIFT_ACTIVE_COMPILATION_CONDITIONS = DEBUG;
				SWIFT_OPTIMIZATION_LEVEL = "-Onone";
			};
			name = Debug;
		};
		F3C0149C2ABF7F13009A0AE3 /* Release */ = {
			isa = XCBuildConfiguration;
			buildSettings = {
				ALWAYS_SEARCH_USER_PATHS = NO;
				CLANG_ANALYZER_NONNULL = YES;
				CLANG_ANALYZER_NUMBER_OBJECT_CONVERSION = YES_AGGRESSIVE;
				CLANG_CXX_LANGUAGE_STANDARD = "gnu++20";
				CLANG_ENABLE_MODULES = YES;
				CLANG_ENABLE_OBJC_ARC = YES;
				CLANG_ENABLE_OBJC_WEAK = YES;
				CLANG_WARN_BLOCK_CAPTURE_AUTORELEASING = YES;
				CLANG_WARN_BOOL_CONVERSION = YES;
				CLANG_WARN_COMMA = YES;
				CLANG_WARN_CONSTANT_CONVERSION = YES;
				CLANG_WARN_DEPRECATED_OBJC_IMPLEMENTATIONS = YES;
				CLANG_WARN_DIRECT_OBJC_ISA_USAGE = YES_ERROR;
				CLANG_WARN_DOCUMENTATION_COMMENTS = YES;
				CLANG_WARN_EMPTY_BODY = YES;
				CLANG_WARN_ENUM_CONVERSION = YES;
				CLANG_WARN_INFINITE_RECURSION = YES;
				CLANG_WARN_INT_CONVERSION = YES;
				CLANG_WARN_NON_LITERAL_NULL_CONVERSION = YES;
				CLANG_WARN_OBJC_IMPLICIT_RETAIN_SELF = YES;
				CLANG_WARN_OBJC_LITERAL_CONVERSION = YES;
				CLANG_WARN_OBJC_ROOT_CLASS = YES_ERROR;
				CLANG_WARN_QUOTED_INCLUDE_IN_FRAMEWORK_HEADER = YES;
				CLANG_WARN_RANGE_LOOP_ANALYSIS = YES;
				CLANG_WARN_STRICT_PROTOTYPES = YES;
				CLANG_WARN_SUSPICIOUS_MOVE = YES;
				CLANG_WARN_UNGUARDED_AVAILABILITY = YES_AGGRESSIVE;
				CLANG_WARN_UNREACHABLE_CODE = YES;
				CLANG_WARN__DUPLICATE_METHOD_MATCH = YES;
				COPY_PHASE_STRIP = NO;
				DEBUG_INFORMATION_FORMAT = "dwarf-with-dsym";
				ENABLE_NS_ASSERTIONS = NO;
				ENABLE_STRICT_OBJC_MSGSEND = YES;
				GCC_C_LANGUAGE_STANDARD = gnu11;
				GCC_NO_COMMON_BLOCKS = YES;
				GCC_WARN_64_TO_32_BIT_CONVERSION = YES;
				GCC_WARN_ABOUT_RETURN_TYPE = YES_ERROR;
				GCC_WARN_UNDECLARED_SELECTOR = YES;
				GCC_WARN_UNINITIALIZED_AUTOS = YES_AGGRESSIVE;
				GCC_WARN_UNUSED_FUNCTION = YES;
				GCC_WARN_UNUSED_VARIABLE = YES;
				IPHONEOS_DEPLOYMENT_TARGET = 16.4;
				MTL_ENABLE_DEBUG_INFO = NO;
				MTL_FAST_MATH = YES;
				SDKROOT = iphoneos;
				SWIFT_COMPILATION_MODE = wholemodule;
				SWIFT_OPTIMIZATION_LEVEL = "-O";
				VALIDATE_PRODUCT = YES;
			};
			name = Release;
		};
		F3C0149E2ABF7F13009A0AE3 /* Debug */ = {
			isa = XCBuildConfiguration;
			buildSettings = {
				ASSETCATALOG_COMPILER_APPICON_NAME = AppIcon;
				ASSETCATALOG_COMPILER_GLOBAL_ACCENT_COLOR_NAME = AccentColor;
				CODE_SIGN_STYLE = Automatic;
				CURRENT_PROJECT_VERSION = 1;
				DEVELOPMENT_TEAM = G64N5NJ4Q6;
				GENERATE_INFOPLIST_FILE = YES;
				INFOPLIST_FILE = "UIKit-Practice/Info.plist";
				INFOPLIST_KEY_UIApplicationSupportsIndirectInputEvents = YES;
				INFOPLIST_KEY_UILaunchStoryboardName = LaunchScreen;
				INFOPLIST_KEY_UISupportedInterfaceOrientations_iPad = "UIInterfaceOrientationPortrait UIInterfaceOrientationPortraitUpsideDown UIInterfaceOrientationLandscapeLeft UIInterfaceOrientationLandscapeRight";
				INFOPLIST_KEY_UISupportedInterfaceOrientations_iPhone = "UIInterfaceOrientationPortrait UIInterfaceOrientationLandscapeLeft UIInterfaceOrientationLandscapeRight";
				LD_RUNPATH_SEARCH_PATHS = (
					"$(inherited)",
					"@executable_path/Frameworks",
				);
				MARKETING_VERSION = 1.0;
				PRODUCT_BUNDLE_IDENTIFIER = "com.kyungsoo.UIKit-Practice";
				PRODUCT_NAME = "$(TARGET_NAME)";
				SWIFT_EMIT_LOC_STRINGS = YES;
				SWIFT_VERSION = 5.0;
				TARGETED_DEVICE_FAMILY = "1,2";
			};
			name = Debug;
		};
		F3C0149F2ABF7F13009A0AE3 /* Release */ = {
			isa = XCBuildConfiguration;
			buildSettings = {
				ASSETCATALOG_COMPILER_APPICON_NAME = AppIcon;
				ASSETCATALOG_COMPILER_GLOBAL_ACCENT_COLOR_NAME = AccentColor;
				CODE_SIGN_STYLE = Automatic;
				CURRENT_PROJECT_VERSION = 1;
				DEVELOPMENT_TEAM = G64N5NJ4Q6;
				GENERATE_INFOPLIST_FILE = YES;
				INFOPLIST_FILE = "UIKit-Practice/Info.plist";
				INFOPLIST_KEY_UIApplicationSupportsIndirectInputEvents = YES;
				INFOPLIST_KEY_UILaunchStoryboardName = LaunchScreen;
				INFOPLIST_KEY_UISupportedInterfaceOrientations_iPad = "UIInterfaceOrientationPortrait UIInterfaceOrientationPortraitUpsideDown UIInterfaceOrientationLandscapeLeft UIInterfaceOrientationLandscapeRight";
				INFOPLIST_KEY_UISupportedInterfaceOrientations_iPhone = "UIInterfaceOrientationPortrait UIInterfaceOrientationLandscapeLeft UIInterfaceOrientationLandscapeRight";
				LD_RUNPATH_SEARCH_PATHS = (
					"$(inherited)",
					"@executable_path/Frameworks",
				);
				MARKETING_VERSION = 1.0;
				PRODUCT_BUNDLE_IDENTIFIER = "com.kyungsoo.UIKit-Practice";
				PRODUCT_NAME = "$(TARGET_NAME)";
				SWIFT_EMIT_LOC_STRINGS = YES;
				SWIFT_VERSION = 5.0;
				TARGETED_DEVICE_FAMILY = "1,2";
			};
			name = Release;
		};
		F3C014A12ABF7F13009A0AE3 /* Debug */ = {
			isa = XCBuildConfiguration;
			buildSettings = {
				ALWAYS_EMBED_SWIFT_STANDARD_LIBRARIES = YES;
				BUNDLE_LOADER = "$(TEST_HOST)";
				CODE_SIGN_STYLE = Automatic;
				CURRENT_PROJECT_VERSION = 1;
				GENERATE_INFOPLIST_FILE = YES;
				IPHONEOS_DEPLOYMENT_TARGET = 16.4;
				MARKETING_VERSION = 1.0;
				PRODUCT_BUNDLE_IDENTIFIER = "com.kyungsoo.UIKit-PracticeTests";
				PRODUCT_NAME = "$(TARGET_NAME)";
				SWIFT_EMIT_LOC_STRINGS = NO;
				SWIFT_VERSION = 5.0;
				TARGETED_DEVICE_FAMILY = "1,2";
				TEST_HOST = "$(BUILT_PRODUCTS_DIR)/UIKit-Practice.app/$(BUNDLE_EXECUTABLE_FOLDER_PATH)/UIKit-Practice";
			};
			name = Debug;
		};
		F3C014A22ABF7F13009A0AE3 /* Release */ = {
			isa = XCBuildConfiguration;
			buildSettings = {
				ALWAYS_EMBED_SWIFT_STANDARD_LIBRARIES = YES;
				BUNDLE_LOADER = "$(TEST_HOST)";
				CODE_SIGN_STYLE = Automatic;
				CURRENT_PROJECT_VERSION = 1;
				GENERATE_INFOPLIST_FILE = YES;
				IPHONEOS_DEPLOYMENT_TARGET = 16.4;
				MARKETING_VERSION = 1.0;
				PRODUCT_BUNDLE_IDENTIFIER = "com.kyungsoo.UIKit-PracticeTests";
				PRODUCT_NAME = "$(TARGET_NAME)";
				SWIFT_EMIT_LOC_STRINGS = NO;
				SWIFT_VERSION = 5.0;
				TARGETED_DEVICE_FAMILY = "1,2";
				TEST_HOST = "$(BUILT_PRODUCTS_DIR)/UIKit-Practice.app/$(BUNDLE_EXECUTABLE_FOLDER_PATH)/UIKit-Practice";
			};
			name = Release;
		};
		F3C014A42ABF7F13009A0AE3 /* Debug */ = {
			isa = XCBuildConfiguration;
			buildSettings = {
				ALWAYS_EMBED_SWIFT_STANDARD_LIBRARIES = YES;
				CODE_SIGN_STYLE = Automatic;
				CURRENT_PROJECT_VERSION = 1;
				GENERATE_INFOPLIST_FILE = YES;
				MARKETING_VERSION = 1.0;
				PRODUCT_BUNDLE_IDENTIFIER = "com.kyungsoo.UIKit-PracticeUITests";
				PRODUCT_NAME = "$(TARGET_NAME)";
				SWIFT_EMIT_LOC_STRINGS = NO;
				SWIFT_VERSION = 5.0;
				TARGETED_DEVICE_FAMILY = "1,2";
				TEST_TARGET_NAME = "UIKit-Practice";
			};
			name = Debug;
		};
		F3C014A52ABF7F13009A0AE3 /* Release */ = {
			isa = XCBuildConfiguration;
			buildSettings = {
				ALWAYS_EMBED_SWIFT_STANDARD_LIBRARIES = YES;
				CODE_SIGN_STYLE = Automatic;
				CURRENT_PROJECT_VERSION = 1;
				GENERATE_INFOPLIST_FILE = YES;
				MARKETING_VERSION = 1.0;
				PRODUCT_BUNDLE_IDENTIFIER = "com.kyungsoo.UIKit-PracticeUITests";
				PRODUCT_NAME = "$(TARGET_NAME)";
				SWIFT_EMIT_LOC_STRINGS = NO;
				SWIFT_VERSION = 5.0;
				TARGETED_DEVICE_FAMILY = "1,2";
				TEST_TARGET_NAME = "UIKit-Practice";
			};
			name = Release;
		};
/* End XCBuildConfiguration section */

/* Begin XCConfigurationList section */
		F3C0146E2ABF7F12009A0AE3 /* Build configuration list for PBXProject "UIKit-Practice" */ = {
			isa = XCConfigurationList;
			buildConfigurations = (
				F3C0149B2ABF7F13009A0AE3 /* Debug */,
				F3C0149C2ABF7F13009A0AE3 /* Release */,
			);
			defaultConfigurationIsVisible = 0;
			defaultConfigurationName = Release;
		};
		F3C0149D2ABF7F13009A0AE3 /* Build configuration list for PBXNativeTarget "UIKit-Practice" */ = {
			isa = XCConfigurationList;
			buildConfigurations = (
				F3C0149E2ABF7F13009A0AE3 /* Debug */,
				F3C0149F2ABF7F13009A0AE3 /* Release */,
			);
			defaultConfigurationIsVisible = 0;
			defaultConfigurationName = Release;
		};
		F3C014A02ABF7F13009A0AE3 /* Build configuration list for PBXNativeTarget "UIKit-PracticeTests" */ = {
			isa = XCConfigurationList;
			buildConfigurations = (
				F3C014A12ABF7F13009A0AE3 /* Debug */,
				F3C014A22ABF7F13009A0AE3 /* Release */,
			);
			defaultConfigurationIsVisible = 0;
			defaultConfigurationName = Release;
		};
		F3C014A32ABF7F13009A0AE3 /* Build configuration list for PBXNativeTarget "UIKit-PracticeUITests" */ = {
			isa = XCConfigurationList;
			buildConfigurations = (
				F3C014A42ABF7F13009A0AE3 /* Debug */,
				F3C014A52ABF7F13009A0AE3 /* Release */,
			);
			defaultConfigurationIsVisible = 0;
			defaultConfigurationName = Release;
		};
/* End XCConfigurationList section */
	};
	rootObject = F3C0146B2ABF7F12009A0AE3 /* Project object */;
}
